{
  "name": "spring2023-it122",
  "version": "1.0.0",
  "lockfileVersion": 3,
  "requires": true,
  "packages": {
    "": {
      "name": "spring2023-it122",
      "version": "1.0.0",
      "license": "ISC",
      "dependencies": {
        "spring2023-it122": "github:Sam-Smolen/Spring2023-it122"
      }
    },
    "node_modules/spring2023-it122": {
      "version": "1.0.0",
      "resolved": "git+ssh://git@github.com/Sam-Smolen/Spring2023-it122.git#43f046c780d20ecb51f52736cf4faa84098c19be",
      "license": "ISC"
    }
  }
}
